{
    "hash": "141c50de4fde39c716e2964672eca303",
    "packages": [
        {
            "package": "doctrine/common",
            "version": "2.2.3"
        },
        {
            "package": "doctrine/data-fixtures",
            "version": "dev-master",
            "source-reference": "a28b6bde290b0a908d32938e3393244086c2d89d",
            "commit-date": "1353557065"
        },
        {
            "package": "doctrine/dbal",
            "version": "2.2.x-dev",
            "source-reference": "912c2de3a7b702db9568f7da147c5c65a792eb98",
            "commit-date": "1349518977"
        },
        {
            "package": "doctrine/doctrine-bundle",
            "version": "dev-master",
            "alias-pretty-version": "1.0.x-dev",
            "alias-version": "1.0.9999999.9999999-dev"
        },
        {
            "package": "doctrine/doctrine-bundle",
            "version": "dev-master",
            "source-reference": "ac854d9452272d43b80a9043e0f33c2b9dd2cdd5",
            "commit-date": "1353489818"
        },
        {
            "package": "doctrine/doctrine-fixtures-bundle",
            "version": "dev-master",
            "source-reference": "9edc67af16e736a31605e7fa9c9e3edbd9db6427",
            "commit-date": "1350914272"
        },
        {
            "package": "doctrine/orm",
            "version": "2.2.x-dev",
            "source-reference": "200c6fa3b92294d50b84d5d239a7b2339d318b4b",
            "commit-date": "1353505763"
        },
        {
            "package": "friendsofsymfony/user-bundle",
            "version": "dev-master",
            "alias-pretty-version": "2.0.x-dev",
            "alias-version": "2.0.9999999.9999999-dev"
        },
        {
            "package": "friendsofsymfony/user-bundle",
            "version": "dev-master",
            "source-reference": "1dd6822175c17c8e2b1e900422833335a9d88587",
            "commit-date": "1353710700"
        },
        {
            "package": "gedmo/doctrine-extensions",
            "version": "dev-master",
            "alias-pretty-version": "2.3.x-dev",
            "alias-version": "2.3.9999999.9999999-dev"
        },
        {
            "package": "gedmo/doctrine-extensions",
            "version": "dev-master",
            "source-reference": "446425919b7b27e521f846dfcab9eb493d3bb8b5",
            "commit-date": "1353098190"
        },
        {
            "package": "jms/aop-bundle",
            "version": "1.0.0"
        },
        {
            "package": "jms/cg",
            "version": "1.0.0"
        },
        {
            "package": "jms/di-extra-bundle",
            "version": "dev-master",
            "alias-pretty-version": "1.2.x-dev",
            "alias-version": "1.2.9999999.9999999-dev"
        },
        {
            "package": "jms/di-extra-bundle",
            "version": "dev-master",
            "alias-pretty-version": "1.3.x-dev",
            "alias-version": "1.3.9999999.9999999-dev"
        },
        {
            "package": "jms/di-extra-bundle",
            "version": "dev-master",
            "source-reference": "7ceb8b88a8da552b98daefe69bc85dcf03eb68b6",
            "commit-date": "1353766130"
        },
        {
            "package": "jms/metadata",
            "version": "1.1.1"
        },
        {
            "package": "jms/security-extra-bundle",
            "version": "dev-master",
            "alias-pretty-version": "1.3.x-dev",
            "alias-version": "1.3.9999999.9999999-dev"
        },
        {
            "package": "jms/security-extra-bundle",
            "version": "dev-master",
            "alias-pretty-version": "1.4.x-dev",
            "alias-version": "1.4.9999999.9999999-dev"
        },
        {
            "package": "jms/security-extra-bundle",
            "version": "dev-master",
            "source-reference": "f649070a61390e1148a68fe48ea2a64f17171772",
            "commit-date": "1353408299"
        },
        {
            "package": "kriswallsmith/assetic",
            "version": "dev-master",
            "alias-pretty-version": "1.1.x-dev",
            "alias-version": "1.1.9999999.9999999-dev"
        },
        {
            "package": "kriswallsmith/assetic",
            "version": "dev-master",
            "source-reference": "d6203098559cf9fc90e2890c10533d0adad33bd0",
            "commit-date": "1352285252"
        },
        {
            "package": "monolog/monolog",
            "version": "dev-master",
            "alias-pretty-version": "1.3.x-dev",
            "alias-version": "1.3.9999999.9999999-dev"
        },
        {
            "package": "monolog/monolog",
            "version": "dev-master",
            "source-reference": "b23cfd3d6ce0b6c050dda723040b83a1a6d7637e",
            "commit-date": "1352907970"
        },
        {
            "package": "sensio/distribution-bundle",
            "version": "2.1.x-dev",
            "source-reference": "25dcc74a7f31eaacf53a407f024183345c6c4804",
            "commit-date": "1353323932"
        },
        {
            "package": "sensio/framework-extra-bundle",
            "version": "2.1.x-dev",
            "source-reference": "v2.1.3",
            "commit-date": "1350448707"
        },
        {
            "package": "sensio/generator-bundle",
            "version": "dev-master",
            "alias-pretty-version": "2.1.x-dev",
            "alias-version": "2.1.9999999.9999999-dev"
        },
        {
            "package": "sensio/generator-bundle",
            "version": "dev-master",
            "alias-pretty-version": "2.2.x-dev",
            "alias-version": "2.2.9999999.9999999-dev"
        },
        {
            "package": "sensio/generator-bundle",
            "version": "dev-master",
            "source-reference": "f9684874ee5f9dcbab9b6933467c1c40b9ce27c0",
            "commit-date": "1353341470"
        },
        {
            "package": "stof/doctrine-extensions-bundle",
            "version": "dev-master",
            "alias-pretty-version": "1.1.x-dev",
            "alias-version": "1.1.9999999.9999999-dev"
        },
        {
            "package": "stof/doctrine-extensions-bundle",
            "version": "dev-master",
            "source-reference": "9a1931f9c9d8a1d045008142b275239c0160b95a",
            "commit-date": "1351778487"
        },
        {
            "package": "swiftmailer/swiftmailer",
            "version": "dev-master",
            "alias-pretty-version": "4.2.x-dev",
            "alias-version": "4.2.9999999.9999999-dev"
        },
        {
            "package": "swiftmailer/swiftmailer",
            "version": "dev-master",
            "alias-pretty-version": "4.3.x-dev",
            "alias-version": "4.3.9999999.9999999-dev"
        },
        {
            "package": "swiftmailer/swiftmailer",
            "version": "dev-master",
            "source-reference": "60536978cf1803e4562cbcdd59b67591dd01041e",
            "commit-date": "1351173729"
        },
        {
            "package": "symfony/assetic-bundle",
            "version": "dev-master",
            "alias-pretty-version": "2.1.x-dev",
            "alias-version": "2.1.9999999.9999999-dev"
        },
        {
            "package": "symfony/assetic-bundle",
            "version": "dev-master",
            "source-reference": "30d3841dc9643d352503a72f3cdf93d193c439d2",
            "commit-date": "1352285268"
        },
        {
            "package": "symfony/monolog-bundle",
            "version": "dev-master",
            "alias-pretty-version": "2.1.x-dev",
            "alias-version": "2.1.9999999.9999999-dev"
        },
        {
            "package": "symfony/monolog-bundle",
            "version": "dev-master",
            "source-reference": "51517152a608926ee6b40ed8cfbba1a708f0a14f",
            "commit-date": "1348137624"
        },
        {
            "package": "symfony/swiftmailer-bundle",
            "version": "dev-master",
            "alias-pretty-version": "2.1.x-dev",
            "alias-version": "2.1.9999999.9999999-dev"
        },
        {
            "package": "symfony/swiftmailer-bundle",
            "version": "dev-master",
            "source-reference": "2393ba6d4f1b544349123e24a16bbc749bef9e55",
            "commit-date": "1350447491"
        },
        {
            "package": "symfony/symfony",
            "version": "2.1.x-dev",
            "source-reference": "1c0ba78833d35de66b3ae8ad3b088c1ffd9381b7",
            "commit-date": "1353758650"
        },
        {
            "package": "twig/extensions",
            "version": "dev-master",
            "alias-pretty-version": "1.0.x-dev",
            "alias-version": "1.0.9999999.9999999-dev"
        },
        {
            "package": "twig/extensions",
            "version": "dev-master",
            "source-reference": "dcdff02fbac1282e6b8f4d0558cc7e9580105688",
            "commit-date": "1349889206"
        },
        {
            "package": "twig/twig",
            "version": "dev-master",
            "alias-pretty-version": "1.12.x-dev",
            "alias-version": "1.12.9999999.9999999-dev"
        },
        {
            "package": "twig/twig",
            "version": "dev-master",
            "source-reference": "9b75e2c7ae51b66fd4bb2ffbf1d2f28a8604e8f6",
            "commit-date": "1353308798"
        }
    ],
    "packages-dev": null,
    "aliases": [

    ],
    "minimum-stability": "dev",
    "stability-flags": {
        "doctrine/doctrine-bundle": 20,
        "doctrine/doctrine-fixtures-bundle": 20,
        "friendsofsymfony/user-bundle": 20,
        "jms/di-extra-bundle": 20,
        "jms/security-extra-bundle": 20,
        "sensio/distribution-bundle": 20,
        "sensio/framework-extra-bundle": 20,
        "sensio/generator-bundle": 20,
        "stof/doctrine-extensions-bundle": 20,
        "symfony/assetic-bundle": 20,
        "symfony/monolog-bundle": 20,
        "symfony/swiftmailer-bundle": 20,
        "symfony/symfony": 20,
        "twig/extensions": 20
    }
}
